PODS:
  - DATASource (6.1.5)
  - DATAStack (7.0.1)
  - Hex (5.0.1)
  - SwiftyTimer (2.0.0)
  - Sync (2.7.0):
    - DATAStack (~> 7.0.1)
    - SYNCPropertyMapper (~> 5.2.0)
  - SYNCPropertyMapper (5.2.0)

DEPENDENCIES:
  - DATASource
  - Hex
  - SwiftyTimer
  - Sync

SPEC CHECKSUMS:
  DATASource: 52b86cfff6c7ac3db45192c01f7839c7473576c3
  DATAStack: 9ca4ba8e8e4f389f1593ad3178d7a4d4df69d648
  Hex: 2c757d81a2b4b6afc842458ce485c8c097ea1c79
  SwiftyTimer: 2efd74b060d69ad4f1496baf5bbedbe132125fcf
  Sync: b02ce41aa8080049a2932fd7342fe189edb2298a
  SYNCPropertyMapper: b3157f5183285c8a25ba23877b95a06ec2547e73

PODFILE CHECKSUM: 39fb6e20599ab03e8c50118045478617368b4891

COCOAPODS: 1.2.0
