PODS:
  - DATASource (6.1.5)
  - HexColors (5.0.1)
  - SwiftyTimer (2.0.0)
  - Sync (3.2.3)

DEPENDENCIES:
  - DATASource
  - HexColors
  - SwiftyTimer
  - Sync

SPEC CHECKSUMS:
  DATASource: 52b86cfff6c7ac3db45192c01f7839c7473576c3
  HexColors: d642e696de77aa919584012e80bf62a4b099cee1
  SwiftyTimer: 2efd74b060d69ad4f1496baf5bbedbe132125fcf
  Sync: a06a34b46cb2d0e763576278487667f357e8c249

PODFILE CHECKSUM: 49eb85d6fc05eb34d8ba9fb390c45c3c1c8a8892

COCOAPODS: 1.2.0
